
Microsoft Visual Studio Solution File, Format Version 12.00
Project("{FAE04EC0-301F-11D3-BF4B-00C04F79EFBC}") = "ReportUI", "ReportUI\ReportUI.csproj", "{C4704246-2A8F-486E-B372-8CA6F1EE1909}"
EndProject
Project("{FAE04EC0-301F-11D3-BF4B-00C04F79EFBC}") = "ReportEngine", "ReportEngine\ReportEngine.csproj", "{71123D5D-13AD-4B5D-AADC-BB2FA3D9D824}"
EndProject
Project("{FAE04EC0-301F-11D3-BF4B-00C04F79EFBC}") = "ReportEngineTests", "ReportEngineTests\ReportEngineTests.csproj", "{93AEA8E1-3AD7-4EF2-9127-7FE0C4E5B498}"
EndProject
Global
	GlobalSection(SolutionConfigurationPlatforms) = preSolution
		Debug|Any CPU = Debug|Any CPU
		Release|Any CPU = Release|Any CPU
	EndGlobalSection
	GlobalSection(ProjectConfigurationPlatforms) = postSolution
		{C4704246-2A8F-486E-B372-8CA6F1EE1909}.Debug|Any CPU.ActiveCfg = Debug|Any CPU
		{C4704246-2A8F-486E-B372-8CA6F1EE1909}.Debug|Any CPU.Build.0 = Debug|Any CPU
		{C4704246-2A8F-486E-B372-8CA6F1EE1909}.Release|Any CPU.ActiveCfg = Release|Any CPU
		{C4704246-2A8F-486E-B372-8CA6F1EE1909}.Release|Any CPU.Build.0 = Release|Any CPU
		{71123D5D-13AD-4B5D-AADC-BB2FA3D9D824}.Debug|Any CPU.ActiveCfg = Debug|Any CPU
		{71123D5D-13AD-4B5D-AADC-BB2FA3D9D824}.Debug|Any CPU.Build.0 = Debug|Any CPU
		{71123D5D-13AD-4B5D-AADC-BB2FA3D9D824}.Release|Any CPU.ActiveCfg = Release|Any CPU
		{71123D5D-13AD-4B5D-AADC-BB2FA3D9D824}.Release|Any CPU.Build.0 = Release|Any CPU
		{93AEA8E1-3AD7-4EF2-9127-7FE0C4E5B498}.Debug|Any CPU.ActiveCfg = Debug|Any CPU
		{93AEA8E1-3AD7-4EF2-9127-7FE0C4E5B498}.Debug|Any CPU.Build.0 = Debug|Any CPU
		{93AEA8E1-3AD7-4EF2-9127-7FE0C4E5B498}.Release|Any CPU.ActiveCfg = Release|Any CPU
		{93AEA8E1-3AD7-4EF2-9127-7FE0C4E5B498}.Release|Any CPU.Build.0 = Release|Any CPU
	EndGlobalSection
EndGlobal
